
Microsoft Visual Studio Solution File, Format Version 12.00
# Visual Studio Version 17
VisualStudioVersion = 17.0.31903.59
MinimumVisualStudioVersion = 10.0.40219.1
Project("{2150E333-8FDC-42A3-9474-1A3956D46DE8}") = "95PhrEAKer-webapi", "95PhrEAKer-webapi", "{3D94DDF5-C365-7526-7C7D-55C80C95DB7B}"
EndProject
Project("{FAE04EC0-301F-11D3-BF4B-00C04F79EFBC}") = "95PhrEAKer.API", "95PhrEAKer-webapi\95PhrEAKer.API.csproj", "{86226593-64EB-4483-9238-AD9C8C6B6421}"
EndProject
Project("{FAE04EC0-301F-11D3-BF4B-00C04F79EFBC}") = "95PhrEAKer.Domain", "95PhrEAKer.Domain\95PhrEAKer.Domain.csproj", "{224C0BAA-4D47-4704-9C26-F9E69193CB34}"
EndProject
Project("{FAE04EC0-301F-11D3-BF4B-00C04F79EFBC}") = "95PhrEAKer.Persistence", "95PhrEAKer.Persistence\95PhrEAKer.Persistence.csproj", "{2F0DBBEE-D391-4929-8C57-219BE31CC585}"
EndProject
Project("{FAE04EC0-301F-11D3-BF4B-00C04F79EFBC}") = "95PhrEAKer.Services", "95PhrEAKer.Services\95PhrEAKer.Services.csproj", "{A7E1ACE3-E146-4F54-98BD-AD6285CED78B}"
EndProject
Global
	GlobalSection(SolutionConfigurationPlatforms) = preSolution
		Debug|Any CPU = Debug|Any CPU
		Debug|x64 = Debug|x64
		Debug|x86 = Debug|x86
		Release|Any CPU = Release|Any CPU
		Release|x64 = Release|x64
		Release|x86 = Release|x86
	EndGlobalSection
	GlobalSection(ProjectConfigurationPlatforms) = postSolution
		{86226593-64EB-4483-9238-AD9C8C6B6421}.Debug|Any CPU.ActiveCfg = Debug|Any CPU
		{86226593-64EB-4483-9238-AD9C8C6B6421}.Debug|Any CPU.Build.0 = Debug|Any CPU
		{86226593-64EB-4483-9238-AD9C8C6B6421}.Debug|x64.ActiveCfg = Debug|Any CPU
		{86226593-64EB-4483-9238-AD9C8C6B6421}.Debug|x64.Build.0 = Debug|Any CPU
		{86226593-64EB-4483-9238-AD9C8C6B6421}.Debug|x86.ActiveCfg = Debug|Any CPU
		{86226593-64EB-4483-9238-AD9C8C6B6421}.Debug|x86.Build.0 = Debug|Any CPU
		{86226593-64EB-4483-9238-AD9C8C6B6421}.Release|Any CPU.ActiveCfg = Release|Any CPU
		{86226593-64EB-4483-9238-AD9C8C6B6421}.Release|Any CPU.Build.0 = Release|Any CPU
		{86226593-64EB-4483-9238-AD9C8C6B6421}.Release|x64.ActiveCfg = Release|Any CPU
		{86226593-64EB-4483-9238-AD9C8C6B6421}.Release|x64.Build.0 = Release|Any CPU
		{86226593-64EB-4483-9238-AD9C8C6B6421}.Release|x86.ActiveCfg = Release|Any CPU
		{86226593-64EB-4483-9238-AD9C8C6B6421}.Release|x86.Build.0 = Release|Any CPU
		{224C0BAA-4D47-4704-9C26-F9E69193CB34}.Debug|Any CPU.ActiveCfg = Debug|Any CPU
		{224C0BAA-4D47-4704-9C26-F9E69193CB34}.Debug|Any CPU.Build.0 = Debug|Any CPU
		{224C0BAA-4D47-4704-9C26-F9E69193CB34}.Debug|x64.ActiveCfg = Debug|Any CPU
		{224C0BAA-4D47-4704-9C26-F9E69193CB34}.Debug|x64.Build.0 = Debug|Any CPU
		{224C0BAA-4D47-4704-9C26-F9E69193CB34}.Debug|x86.ActiveCfg = Debug|Any CPU
		{224C0BAA-4D47-4704-9C26-F9E69193CB34}.Debug|x86.Build.0 = Debug|Any CPU
		{224C0BAA-4D47-4704-9C26-F9E69193CB34}.Release|Any CPU.ActiveCfg = Release|Any CPU
		{224C0BAA-4D47-4704-9C26-F9E69193CB34}.Release|Any CPU.Build.0 = Release|Any CPU
		{224C0BAA-4D47-4704-9C26-F9E69193CB34}.Release|x64.ActiveCfg = Release|Any CPU
		{224C0BAA-4D47-4704-9C26-F9E69193CB34}.Release|x64.Build.0 = Release|Any CPU
		{224C0BAA-4D47-4704-9C26-F9E69193CB34}.Release|x86.ActiveCfg = Release|Any CPU
		{224C0BAA-4D47-4704-9C26-F9E69193CB34}.Release|x86.Build.0 = Release|Any CPU
		{2F0DBBEE-D391-4929-8C57-219BE31CC585}.Debug|Any CPU.ActiveCfg = Debug|Any CPU
		{2F0DBBEE-D391-4929-8C57-219BE31CC585}.Debug|Any CPU.Build.0 = Debug|Any CPU
		{2F0DBBEE-D391-4929-8C57-219BE31CC585}.Debug|x64.ActiveCfg = Debug|Any CPU
		{2F0DBBEE-D391-4929-8C57-219BE31CC585}.Debug|x64.Build.0 = Debug|Any CPU
		{2F0DBBEE-D391-4929-8C57-219BE31CC585}.Debug|x86.ActiveCfg = Debug|Any CPU
		{2F0DBBEE-D391-4929-8C57-219BE31CC585}.Debug|x86.Build.0 = Debug|Any CPU
		{2F0DBBEE-D391-4929-8C57-219BE31CC585}.Release|Any CPU.ActiveCfg = Release|Any CPU
		{2F0DBBEE-D391-4929-8C57-219BE31CC585}.Release|Any CPU.Build.0 = Release|Any CPU
		{2F0DBBEE-D391-4929-8C57-219BE31CC585}.Release|x64.ActiveCfg = Release|Any CPU
		{2F0DBBEE-D391-4929-8C57-219BE31CC585}.Release|x64.Build.0 = Release|Any CPU
		{2F0DBBEE-D391-4929-8C57-219BE31CC585}.Release|x86.ActiveCfg = Release|Any CPU
		{2F0DBBEE-D391-4929-8C57-219BE31CC585}.Release|x86.Build.0 = Release|Any CPU
		{A7E1ACE3-E146-4F54-98BD-AD6285CED78B}.Debug|Any CPU.ActiveCfg = Debug|Any CPU
		{A7E1ACE3-E146-4F54-98BD-AD6285CED78B}.Debug|Any CPU.Build.0 = Debug|Any CPU
		{A7E1ACE3-E146-4F54-98BD-AD6285CED78B}.Debug|x64.ActiveCfg = Debug|Any CPU
		{A7E1ACE3-E146-4F54-98BD-AD6285CED78B}.Debug|x64.Build.0 = Debug|Any CPU
		{A7E1ACE3-E146-4F54-98BD-AD6285CED78B}.Debug|x86.ActiveCfg = Debug|Any CPU
		{A7E1ACE3-E146-4F54-98BD-AD6285CED78B}.Debug|x86.Build.0 = Debug|Any CPU
		{A7E1ACE3-E146-4F54-98BD-AD6285CED78B}.Release|Any CPU.ActiveCfg = Release|Any CPU
		{A7E1ACE3-E146-4F54-98BD-AD6285CED78B}.Release|Any CPU.Build.0 = Release|Any CPU
		{A7E1ACE3-E146-4F54-98BD-AD6285CED78B}.Release|x64.ActiveCfg = Release|Any CPU
		{A7E1ACE3-E146-4F54-98BD-AD6285CED78B}.Release|x64.Build.0 = Release|Any CPU
		{A7E1ACE3-E146-4F54-98BD-AD6285CED78B}.Release|x86.ActiveCfg = Release|Any CPU
		{A7E1ACE3-E146-4F54-98BD-AD6285CED78B}.Release|x86.Build.0 = Release|Any CPU
	EndGlobalSection
	GlobalSection(SolutionProperties) = preSolution
		HideSolutionNode = FALSE
	EndGlobalSection
	GlobalSection(NestedProjects) = preSolution
		{86226593-64EB-4483-9238-AD9C8C6B6421} = {3D94DDF5-C365-7526-7C7D-55C80C95DB7B}
	EndGlobalSection
EndGlobal
